
Microsoft Visual Studio Solution File, Format Version 12.00
# Visual Studio Version 17
VisualStudioVersion = 17.12.35707.178 d17.12
MinimumVisualStudioVersion = 10.0.40219.1
Project("{FAE04EC0-301F-11D3-BF4B-00C04F79EFBC}") = "CrackingLeetcode.Application", "CrackingLeetcode.Application\CrackingLeetcode.Application.csproj", "{DF8AD1FF-CCA2-4A34-A366-F3081B556A32}"
EndProject
Project("{FAE04EC0-301F-11D3-BF4B-00C04F79EFBC}") = "CrackingLeetcode.Library", "CrackingLeetcode.Library\CrackingLeetcode.Library.csproj", "{16B8BA7F-141D-4A95-A29C-ACC471A8E82B}"
EndProject
Global
	GlobalSection(SolutionConfigurationPlatforms) = preSolution
		Debug|Any CPU = Debug|Any CPU
		Release|Any CPU = Release|Any CPU
	EndGlobalSection
	GlobalSection(ProjectConfigurationPlatforms) = postSolution
		{DF8AD1FF-CCA2-4A34-A366-F3081B556A32}.Debug|Any CPU.ActiveCfg = Debug|Any CPU
		{DF8AD1FF-CCA2-4A34-A366-F3081B556A32}.Debug|Any CPU.Build.0 = Debug|Any CPU
		{DF8AD1FF-CCA2-4A34-A366-F3081B556A32}.Release|Any CPU.ActiveCfg = Release|Any CPU
		{DF8AD1FF-CCA2-4A34-A366-F3081B556A32}.Release|Any CPU.Build.0 = Release|Any CPU
		{16B8BA7F-141D-4A95-A29C-ACC471A8E82B}.Debug|Any CPU.ActiveCfg = Debug|Any CPU
		{16B8BA7F-141D-4A95-A29C-ACC471A8E82B}.Debug|Any CPU.Build.0 = Debug|Any CPU
		{16B8BA7F-141D-4A95-A29C-ACC471A8E82B}.Release|Any CPU.ActiveCfg = Release|Any CPU
		{16B8BA7F-141D-4A95-A29C-ACC471A8E82B}.Release|Any CPU.Build.0 = Release|Any CPU
	EndGlobalSection
	GlobalSection(SolutionProperties) = preSolution
		HideSolutionNode = FALSE
	EndGlobalSection
EndGlobal
